<?xml version="1.0" encoding="utf-8"?>
<Project ToolsVersion="4.0" xmlns="http://schemas.microsoft.com/developer/msbuild/2003">
  <ItemGroup>
    <Filter Include="WandX">
      <UniqueIdentifier>{02383aff-7cb7-49d3-b068-4ec4ed176f96}</UniqueIdentifier>
    </Filter>
  </ItemGroup>
  <ItemGroup>
    <ClCompile Include="WandX.cppm">
      <Filter>WandX</Filter>
    </ClCompile>
    <ClCompile Include="WandX.Test.cpp" />
  </ItemGroup>
  <ItemGroup>
    <ClInclude Include="WandX.h">
      <Filter>WandX</Filter>
    </ClInclude>
  </ItemGroup>
</Project>