<?xml version="1.0" encoding="utf-8"?>
<Project ToolsVersion="4.0" xmlns="http://schemas.microsoft.com/developer/msbuild/2003">
  <ItemGroup>
    <Filter Include="wx">
      <UniqueIdentifier>{33dfb75d-e1a3-4a9f-8d46-3937326dcb84}</UniqueIdentifier>
    </Filter>
    <Filter Include="resources">
      <UniqueIdentifier>{3a34cb12-30d0-484c-b2b6-468e87c78586}</UniqueIdentifier>
    </Filter>
  </ItemGroup>
  <ItemGroup>
    <ClInclude Include="..\wx_console.h">
      <Filter>wx</Filter>
    </ClInclude>
    <ClInclude Include="..\wx_control.h">
      <Filter>wx</Filter>
    </ClInclude>
    <ClInclude Include="..\wx_defs.h">
      <Filter>wx</Filter>
    </ClInclude>
    <ClInclude Include="..\wx_dialog.h">
      <Filter>wx</Filter>
    </ClInclude>
    <ClInclude Include="..\wx_file.h">
      <Filter>wx</Filter>
    </ClInclude>
    <ClInclude Include="..\wx_realtime.h">
      <Filter>wx</Filter>
    </ClInclude>
    <ClInclude Include="..\wx_resource.h">
      <Filter>wx</Filter>
    </ClInclude>
    <ClInclude Include="..\wx_security.h">
      <Filter>wx</Filter>
    </ClInclude>
    <ClInclude Include="..\wx_type.h">
      <Filter>wx</Filter>
    </ClInclude>
    <ClInclude Include="..\wx_window.h">
      <Filter>wx</Filter>
    </ClInclude>
    <ClInclude Include="..\wx_duk\resources\Resource.h">
      <Filter>resources</Filter>
    </ClInclude>
  </ItemGroup>
  <ItemGroup>
    <None Include="..\wx_dll.inl">
      <Filter>wx</Filter>
    </None>
    <None Include="..\wx_msg.inl">
      <Filter>wx</Filter>
    </None>
    <None Include="..\wx_msg_ctl.inl">
      <Filter>wx</Filter>
    </None>
  </ItemGroup>
  <ItemGroup>
    <ResourceCompile Include="..\wx_duk\resources\wx_duk.rc">
      <Filter>resources</Filter>
    </ResourceCompile>
  </ItemGroup>
  <ItemGroup>
    <Image Include="..\wx_duk\resources\small.ico">
      <Filter>resources</Filter>
    </Image>
    <Image Include="..\wx_duk\resources\wx_duk.ico">
      <Filter>resources</Filter>
    </Image>
  </ItemGroup>
  <ItemGroup>
    <ClCompile Include="wx_test.cpp" />
  </ItemGroup>
</Project>