<?xml version="1.0" encoding="utf-8"?>
<Project ToolsVersion="4.0" xmlns="http://schemas.microsoft.com/developer/msbuild/2003">
  <ItemGroup>
    <Filter Include="wx_library">
      <UniqueIdentifier>{52edd7d3-8d61-4d33-af13-ab33793ac22c}</UniqueIdentifier>
    </Filter>
    <Filter Include="wx_library\modules">
      <UniqueIdentifier>{624b419f-4b57-46fe-b4a7-9bab819c8714}</UniqueIdentifier>
      <Extensions>*.cppm</Extensions>
    </Filter>
    <Filter Include="wx_library\prv_inc">
      <UniqueIdentifier>{588b91eb-9d3a-4408-a88e-8158695918b5}</UniqueIdentifier>
      <Extensions>*.inl;*.h</Extensions>
    </Filter>
    <Filter Include="wx_library\pub_inc">
      <UniqueIdentifier>{a750fb86-e289-46bd-9c4b-8259c8203959}</UniqueIdentifier>
      <Extensions>
      </Extensions>
    </Filter>
    <Filter Include="resources">
      <UniqueIdentifier>{1b1abb94-c852-43a5-b45e-de44fb20212b}</UniqueIdentifier>
    </Filter>
  </ItemGroup>
  <ItemGroup>
    <ClCompile Include="..\wx.console.cppm">
      <Filter>wx_library\modules</Filter>
    </ClCompile>
    <ClCompile Include="..\wx.control.cppm">
      <Filter>wx_library\modules</Filter>
    </ClCompile>
    <ClCompile Include="..\wx.cppm">
      <Filter>wx_library\modules</Filter>
    </ClCompile>
    <ClCompile Include="..\wx.dialog.cppm">
      <Filter>wx_library\modules</Filter>
    </ClCompile>
    <ClCompile Include="..\wx.file.cppm">
      <Filter>wx_library\modules</Filter>
    </ClCompile>
    <ClCompile Include="..\wx.gdi.cppm">
      <Filter>wx_library\modules</Filter>
    </ClCompile>
    <ClCompile Include="..\wx.proto.cppm">
      <Filter>wx_library\modules</Filter>
    </ClCompile>
    <ClCompile Include="..\wx.realtime.cppm">
      <Filter>wx_library\modules</Filter>
    </ClCompile>
    <ClCompile Include="..\wx.resource.cppm">
      <Filter>wx_library\modules</Filter>
    </ClCompile>
    <ClCompile Include="..\wx.security.cppm">
      <Filter>wx_library\modules</Filter>
    </ClCompile>
    <ClCompile Include="..\wx.type.cppm">
      <Filter>wx_library\modules</Filter>
    </ClCompile>
    <ClCompile Include="..\wx.window.cppm">
      <Filter>wx_library\modules</Filter>
    </ClCompile>
    <ClCompile Include="wx_test.cpp" />
  </ItemGroup>
  <ItemGroup>
    <None Include="..\wx_console">
      <Filter>wx_library\pub_inc</Filter>
    </None>
    <None Include="..\wx_control">
      <Filter>wx_library\pub_inc</Filter>
    </None>
    <None Include="..\wx_dialog">
      <Filter>wx_library\pub_inc</Filter>
    </None>
    <None Include="..\wx_dll">
      <Filter>wx_library\pub_inc</Filter>
    </None>
    <None Include="..\wx_file">
      <Filter>wx_library\pub_inc</Filter>
    </None>
    <None Include="..\wx_gdi">
      <Filter>wx_library\pub_inc</Filter>
    </None>
    <None Include="..\wx_main">
      <Filter>wx_library\pub_inc</Filter>
    </None>
    <None Include="..\wx_realtime">
      <Filter>wx_library\pub_inc</Filter>
    </None>
    <None Include="..\wx_resource">
      <Filter>wx_library\pub_inc</Filter>
    </None>
    <None Include="..\wx_type">
      <Filter>wx_library\pub_inc</Filter>
    </None>
    <None Include="..\wx_window">
      <Filter>wx_library\pub_inc</Filter>
    </None>
    <None Include="..\wx__msg.inl">
      <Filter>wx_library\prv_inc</Filter>
    </None>
    <None Include="..\wx__msg_ctl.inl">
      <Filter>wx_library\prv_inc</Filter>
    </None>
    <None Include="..\wx__rm.inl">
      <Filter>wx_library\prv_inc</Filter>
    </None>
    <None Include="make.bat" />
  </ItemGroup>
  <ItemGroup>
    <ClInclude Include="..\wx_defs.h">
      <Filter>wx_library\prv_inc</Filter>
    </ClInclude>
    <ClInclude Include="resources\Resource.h">
      <Filter>resources</Filter>
    </ClInclude>
  </ItemGroup>
  <ItemGroup>
    <Image Include="resources\small.ico">
      <Filter>resources</Filter>
    </Image>
    <Image Include="resources\wx_duk.ico">
      <Filter>resources</Filter>
    </Image>
  </ItemGroup>
  <ItemGroup>
    <ResourceCompile Include="resources\wx_duk.rc">
      <Filter>resources</Filter>
    </ResourceCompile>
  </ItemGroup>
</Project>